
Microsoft Visual Studio Solution File, Format Version 12.00
# Blend for Visual Studio 14
VisualStudioVersion = 14.0.24720.0
MinimumVisualStudioVersion = 10.0.40219.1
Project("{FAE04EC0-301F-11D3-BF4B-00C04F79EFBC}") = "WpfApplication3", "WpfApplication3\WpfApplication3.csproj", "{1BC52C99-9B9E-4BB4-BE22-ED0B836C471F}"
EndProject
Global
	GlobalSection(SolutionConfigurationPlatforms) = preSolution
		Debug|Any CPU = Debug|Any CPU
		Release|Any CPU = Release|Any CPU
	EndGlobalSection
	GlobalSection(ProjectConfigurationPlatforms) = postSolution
		{1BC52C99-9B9E-4BB4-BE22-ED0B836C471F}.Debug|Any CPU.ActiveCfg = Debug|Any CPU
		{1BC52C99-9B9E-4BB4-BE22-ED0B836C471F}.Debug|Any CPU.Build.0 = Debug|Any CPU
		{1BC52C99-9B9E-4BB4-BE22-ED0B836C471F}.Release|Any CPU.ActiveCfg = Release|Any CPU
		{1BC52C99-9B9E-4BB4-BE22-ED0B836C471F}.Release|Any CPU.Build.0 = Release|Any CPU
	EndGlobalSection
	GlobalSection(SolutionProperties) = preSolution
		HideSolutionNode = FALSE
	EndGlobalSection
EndGlobal
